lockfileVersion: '9.0'

settings:
  autoInstallPeers: true
  excludeLinksFromLockfile: false

importers:

  .:
    dependencies:
      pdf-parse:
        specifier: ^1.1.1
        version: 1.1.1
    devDependencies:
      '@types/node':
        specifier: ^20.14.10
        version: 20.14.10
      '@types/pdf-parse':
        specifier: ^1.1.4
        version: 1.1.4

packages:

  '@types/node@20.14.10':
    resolution: {integrity: sha512-MdiXf+nDuMvY0gJKxyfZ7/6UFsETO7mGKF54MVD/ekJS6HdFtpZFBgrh6Pseu64XTb2MLyFPlbW6hj8HYRQNOQ==}

  '@types/pdf-parse@1.1.4':
    resolution: {integrity: sha512-+gbBHbNCVGGYw1S9lAIIvrHW47UYOhMIFUsJcMkMrzy1Jf0vulBN3XQIjPgnoOXveMuHnF3b57fXROnY/Or7eg==}

  debug@3.2.7:
    resolution: {integrity: sha512-CFjzYYAi4ThfiQvizrFQevTTXHtnCqWfe7x1AhgEscTz6ZbLbfoLRLPugTQyBth6f8ZERVUSyWHFD/7Wu4t1XQ==}
    peerDependencies:
      supports-color: '*'
    peerDependenciesMeta:
      supports-color:
        optional: true

  ms@2.1.3:
    resolution: {integrity: sha512-6FlzubTLZG3J2a/NVCAleEhjzq5oxgHyaCU9yYXvcLsvoVaHJq/s5xXI6/XXP6tz7R9xAOtHnSO/tXtF3WRTlA==}

  node-ensure@0.0.0:
    resolution: {integrity: sha512-DRI60hzo2oKN1ma0ckc6nQWlHU69RH6xN0sjQTjMpChPfTYvKZdcQFfdYK2RWbJcKyUizSIy/l8OTGxMAM1QDw==}

  pdf-parse@1.1.1:
    resolution: {integrity: sha512-v6ZJ/efsBpGrGGknjtq9J/oC8tZWq0KWL5vQrk2GlzLEQPUDB1ex+13Rmidl1neNN358Jn9EHZw5y07FFtaC7A==}
    engines: {node: '>=6.8.1'}

  undici-types@5.26.5:
    resolution: {integrity: sha512-JlCMO+ehdEIKqlFxk6IfVoAUVmgz7cU7zD/h9XZ0qzeosSHmUJVOzSQvvYSYWXkFXC+IfLKSIffhv0sVZup6pA==}

snapshots:

  '@types/node@20.14.10':
    dependencies:
      undici-types: 5.26.5

  '@types/pdf-parse@1.1.4': {}

  debug@3.2.7:
    dependencies:
      ms: 2.1.3

  ms@2.1.3: {}

  node-ensure@0.0.0: {}

  pdf-parse@1.1.1:
    dependencies:
      debug: 3.2.7
      node-ensure: 0.0.0
    transitivePeerDependencies:
      - supports-color

  undici-types@5.26.5: {}
